
Microsoft Visual Studio Solution File, Format Version 12.00
# Visual Studio Version 17
VisualStudioVersion = 17.6.33417.168
MinimumVisualStudioVersion = 10.0.40219.1
Project("{9A19103F-16F7-4668-BE54-9A1E7A4F7556}") = "Blazor.Contacts.Practic.Server", "Blazor.Contacts.Practic\Server\Blazor.Contacts.Practic.Server.csproj", "{35818BBC-43CC-4669-A15F-8016499ED9EA}"
EndProject
Project("{9A19103F-16F7-4668-BE54-9A1E7A4F7556}") = "Blazor.Contacts.Practic.Client", "Blazor.Contacts.Practic\Client\Blazor.Contacts.Practic.Client.csproj", "{EC678763-80CF-4F96-98EB-869E894C0DBD}"
EndProject
Project("{9A19103F-16F7-4668-BE54-9A1E7A4F7556}") = "Blazor.Contacts.Practic.Shared", "Blazor.Contacts.Practic\Shared\Blazor.Contacts.Practic.Shared.csproj", "{89BAA95A-813B-4DC2-88CE-A8C2F2BD5C0A}"
EndProject
Project("{9A19103F-16F7-4668-BE54-9A1E7A4F7556}") = "Blazor.Contacts.Practic.Repositories", "Blazor.Contact.Wasm.Repositories\Blazor.Contacts.Practic.Repositories.csproj", "{C3F9AFC5-DF61-47DE-8D85-B61E3BAD692B}"
EndProject
Global
	GlobalSection(SolutionConfigurationPlatforms) = preSolution
		Debug|Any CPU = Debug|Any CPU
		Release|Any CPU = Release|Any CPU
	EndGlobalSection
	GlobalSection(ProjectConfigurationPlatforms) = postSolution
		{35818BBC-43CC-4669-A15F-8016499ED9EA}.Debug|Any CPU.ActiveCfg = Debug|Any CPU
		{35818BBC-43CC-4669-A15F-8016499ED9EA}.Debug|Any CPU.Build.0 = Debug|Any CPU
		{35818BBC-43CC-4669-A15F-8016499ED9EA}.Release|Any CPU.ActiveCfg = Release|Any CPU
		{35818BBC-43CC-4669-A15F-8016499ED9EA}.Release|Any CPU.Build.0 = Release|Any CPU
		{EC678763-80CF-4F96-98EB-869E894C0DBD}.Debug|Any CPU.ActiveCfg = Debug|Any CPU
		{EC678763-80CF-4F96-98EB-869E894C0DBD}.Debug|Any CPU.Build.0 = Debug|Any CPU
		{EC678763-80CF-4F96-98EB-869E894C0DBD}.Release|Any CPU.ActiveCfg = Release|Any CPU
		{EC678763-80CF-4F96-98EB-869E894C0DBD}.Release|Any CPU.Build.0 = Release|Any CPU
		{89BAA95A-813B-4DC2-88CE-A8C2F2BD5C0A}.Debug|Any CPU.ActiveCfg = Debug|Any CPU
		{89BAA95A-813B-4DC2-88CE-A8C2F2BD5C0A}.Debug|Any CPU.Build.0 = Debug|Any CPU
		{89BAA95A-813B-4DC2-88CE-A8C2F2BD5C0A}.Release|Any CPU.ActiveCfg = Release|Any CPU
		{89BAA95A-813B-4DC2-88CE-A8C2F2BD5C0A}.Release|Any CPU.Build.0 = Release|Any CPU
		{C3F9AFC5-DF61-47DE-8D85-B61E3BAD692B}.Debug|Any CPU.ActiveCfg = Debug|Any CPU
		{C3F9AFC5-DF61-47DE-8D85-B61E3BAD692B}.Debug|Any CPU.Build.0 = Debug|Any CPU
		{C3F9AFC5-DF61-47DE-8D85-B61E3BAD692B}.Release|Any CPU.ActiveCfg = Release|Any CPU
		{C3F9AFC5-DF61-47DE-8D85-B61E3BAD692B}.Release|Any CPU.Build.0 = Release|Any CPU
	EndGlobalSection
	GlobalSection(SolutionProperties) = preSolution
		HideSolutionNode = FALSE
	EndGlobalSection
	GlobalSection(ExtensibilityGlobals) = postSolution
		SolutionGuid = {E61B14E8-0A14-4BD9-BC0B-9B40E4A1E8A3}
	EndGlobalSection
EndGlobal
